
Microsoft Visual Studio Solution File, Format Version 12.00
# Visual Studio 15
VisualStudioVersion = 15.0.26430.12
MinimumVisualStudioVersion = 10.0.40219.1
Project("{2150E333-8FDC-42A3-9474-1A3956D46DE8}") = "Agents", "Agents", "{D2CF7D76-04E3-4AC0-A62D-22E388B0EDE9}"
EndProject
Project("{FAE04EC0-301F-11D3-BF4B-00C04F79EFBC}") = "IISAgent.Core", "IISAgent.Core\IISAgent.Core.csproj", "{73C0F9EF-A15F-4DAD-B38F-EBFFE8BF25A3}"
EndProject
Project("{FAE04EC0-301F-11D3-BF4B-00C04F79EFBC}") = "IISAgent", "IISAgent\IISAgent.csproj", "{78341D75-D85F-40FB-9AAD-9B2755D2BD3B}"
EndProject
Project("{2150E333-8FDC-42A3-9474-1A3956D46DE8}") = "Agents.Tests", "Agents.Tests", "{CB15A12E-FF0E-41D5-934E-EB7DFC21140C}"
EndProject
Project("{FAE04EC0-301F-11D3-BF4B-00C04F79EFBC}") = "IISAgent.Tests", "IISAgent.Tests\IISAgent.Tests.csproj", "{A172D9E3-3B38-45C2-A9C2-E32AF4A640C0}"
EndProject
Project("{2150E333-8FDC-42A3-9474-1A3956D46DE8}") = "IIS", "IIS", "{28D6A3A6-C2A3-4D1D-A8EA-D3788EF37F90}"
EndProject
Project("{2150E333-8FDC-42A3-9474-1A3956D46DE8}") = "IIS", "IIS", "{C5E501D0-74CD-4A98-BAD2-F517B3271DD4}"
EndProject
Project("{FAE04EC0-301F-11D3-BF4B-00C04F79EFBC}") = "IISAgent.Core.Tests", "IISAgent.Core.Tests\IISAgent.Core.Tests.csproj", "{6A042EEB-8089-4D57-9601-C711C6D2A19E}"
EndProject
Global
	GlobalSection(SolutionConfigurationPlatforms) = preSolution
		Debug|Any CPU = Debug|Any CPU
		Release|Any CPU = Release|Any CPU
	EndGlobalSection
	GlobalSection(ProjectConfigurationPlatforms) = postSolution
		{73C0F9EF-A15F-4DAD-B38F-EBFFE8BF25A3}.Debug|Any CPU.ActiveCfg = Debug|Any CPU
		{73C0F9EF-A15F-4DAD-B38F-EBFFE8BF25A3}.Debug|Any CPU.Build.0 = Debug|Any CPU
		{73C0F9EF-A15F-4DAD-B38F-EBFFE8BF25A3}.Release|Any CPU.ActiveCfg = Release|Any CPU
		{73C0F9EF-A15F-4DAD-B38F-EBFFE8BF25A3}.Release|Any CPU.Build.0 = Release|Any CPU
		{78341D75-D85F-40FB-9AAD-9B2755D2BD3B}.Debug|Any CPU.ActiveCfg = Debug|Any CPU
		{78341D75-D85F-40FB-9AAD-9B2755D2BD3B}.Debug|Any CPU.Build.0 = Debug|Any CPU
		{78341D75-D85F-40FB-9AAD-9B2755D2BD3B}.Release|Any CPU.ActiveCfg = Release|Any CPU
		{78341D75-D85F-40FB-9AAD-9B2755D2BD3B}.Release|Any CPU.Build.0 = Release|Any CPU
		{A172D9E3-3B38-45C2-A9C2-E32AF4A640C0}.Debug|Any CPU.ActiveCfg = Debug|Any CPU
		{A172D9E3-3B38-45C2-A9C2-E32AF4A640C0}.Debug|Any CPU.Build.0 = Debug|Any CPU
		{A172D9E3-3B38-45C2-A9C2-E32AF4A640C0}.Release|Any CPU.ActiveCfg = Release|Any CPU
		{A172D9E3-3B38-45C2-A9C2-E32AF4A640C0}.Release|Any CPU.Build.0 = Release|Any CPU
		{6A042EEB-8089-4D57-9601-C711C6D2A19E}.Debug|Any CPU.ActiveCfg = Debug|Any CPU
		{6A042EEB-8089-4D57-9601-C711C6D2A19E}.Debug|Any CPU.Build.0 = Debug|Any CPU
		{6A042EEB-8089-4D57-9601-C711C6D2A19E}.Release|Any CPU.ActiveCfg = Release|Any CPU
		{6A042EEB-8089-4D57-9601-C711C6D2A19E}.Release|Any CPU.Build.0 = Release|Any CPU
	EndGlobalSection
	GlobalSection(SolutionProperties) = preSolution
		HideSolutionNode = FALSE
	EndGlobalSection
	GlobalSection(NestedProjects) = preSolution
		{73C0F9EF-A15F-4DAD-B38F-EBFFE8BF25A3} = {28D6A3A6-C2A3-4D1D-A8EA-D3788EF37F90}
		{78341D75-D85F-40FB-9AAD-9B2755D2BD3B} = {28D6A3A6-C2A3-4D1D-A8EA-D3788EF37F90}
		{A172D9E3-3B38-45C2-A9C2-E32AF4A640C0} = {C5E501D0-74CD-4A98-BAD2-F517B3271DD4}
		{28D6A3A6-C2A3-4D1D-A8EA-D3788EF37F90} = {D2CF7D76-04E3-4AC0-A62D-22E388B0EDE9}
		{C5E501D0-74CD-4A98-BAD2-F517B3271DD4} = {CB15A12E-FF0E-41D5-934E-EB7DFC21140C}
		{6A042EEB-8089-4D57-9601-C711C6D2A19E} = {C5E501D0-74CD-4A98-BAD2-F517B3271DD4}
	EndGlobalSection
EndGlobal
