
Microsoft Visual Studio Solution File, Format Version 12.00
# Visual Studio 15
VisualStudioVersion = 15.0.26730.12
MinimumVisualStudioVersion = 10.0.40219.1
Project("{2150E333-8FDC-42A3-9474-1A3956D46DE8}") = "Agents", "Agents", "{D2CF7D76-04E3-4AC0-A62D-22E388B0EDE9}"
EndProject
Project("{FAE04EC0-301F-11D3-BF4B-00C04F79EFBC}") = "IISAgent.Core", "IISAgent.Core\IISAgent.Core.csproj", "{73C0F9EF-A15F-4DAD-B38F-EBFFE8BF25A3}"
EndProject
Project("{FAE04EC0-301F-11D3-BF4B-00C04F79EFBC}") = "IISAgent", "IISAgent\IISAgent.csproj", "{78341D75-D85F-40FB-9AAD-9B2755D2BD3B}"
EndProject
Project("{FAE04EC0-301F-11D3-BF4B-00C04F79EFBC}") = "IISAgent.Tests", "IISAgent.Tests\IISAgent.Tests.csproj", "{A172D9E3-3B38-45C2-A9C2-E32AF4A640C0}"
EndProject
Project("{2150E333-8FDC-42A3-9474-1A3956D46DE8}") = "IIS", "IIS", "{28D6A3A6-C2A3-4D1D-A8EA-D3788EF37F90}"
EndProject
Project("{FAE04EC0-301F-11D3-BF4B-00C04F79EFBC}") = "IISAgent.Core.Tests", "IISAgent.Core.Tests\IISAgent.Core.Tests.csproj", "{6A042EEB-8089-4D57-9601-C711C6D2A19E}"
EndProject
Project("{2150E333-8FDC-42A3-9474-1A3956D46DE8}") = "Backend", "Backend", "{C4F9335F-42AB-478E-A044-EE686CBCC417}"
EndProject
Project("{2150E333-8FDC-42A3-9474-1A3956D46DE8}") = "Web", "Web", "{4D91B827-29B2-42E2-B34D-B4D67E626207}"
EndProject
Project("{9A19103F-16F7-4668-BE54-9A1E7A4F7556}") = "ApiGateway", "ApiGateway\ApiGateway.csproj", "{312965D3-1587-44D2-94C6-33D51016FA57}"
EndProject
Project("{2150E333-8FDC-42A3-9474-1A3956D46DE8}") = "Storage", "Storage", "{F76E478B-2C8A-40C7-8DE1-1C722825D079}"
EndProject
Project("{9A19103F-16F7-4668-BE54-9A1E7A4F7556}") = "Logs", "Logs\Logs.csproj", "{48E3D4E8-5346-43BC-AB71-6EBB68AD440F}"
EndProject
Project("{2150E333-8FDC-42A3-9474-1A3956D46DE8}") = "Base", "Base", "{DA64A818-5DA3-4CAD-B341-9EEC06F9CF3C}"
EndProject
Project("{FAE04EC0-301F-11D3-BF4B-00C04F79EFBC}") = "AgentSDK", "AgentSDK\AgentSDK.csproj", "{F25C0AEB-867E-46D9-B3B0-54A51BDD3E35}"
EndProject
Project("{2150E333-8FDC-42A3-9474-1A3956D46DE8}") = "Tests", "Tests", "{DFBF2E41-D6C5-419C-A8B9-F382CE3C647B}"
EndProject
Project("{2150E333-8FDC-42A3-9474-1A3956D46DE8}") = "Frontend", "Frontend", "{71ECF8FC-8856-4770-9E19-F82464701A2F}"
EndProject
Project("{FAE04EC0-301F-11D3-BF4B-00C04F79EFBC}") = "ApiGateway.Tests", "ApiGateway.Tests\ApiGateway.Tests.csproj", "{904A2E66-E62E-468E-B0F1-2F09D797932D}"
EndProject
Project("{FAE04EC0-301F-11D3-BF4B-00C04F79EFBC}") = "ApiGateway.Domain", "ApiGateway.Domain\ApiGateway.Domain.csproj", "{FD182EB4-D68A-41A7-9F72-1996F37042D0}"
EndProject
Project("{2150E333-8FDC-42A3-9474-1A3956D46DE8}") = "Tests", "Tests", "{9840AD37-8DF3-4AEC-BDF3-378E082379D9}"
EndProject
Project("{FAE04EC0-301F-11D3-BF4B-00C04F79EFBC}") = "ApiGateway.Persistance", "ApiGateway.Persistance\ApiGateway.Persistance.csproj", "{2FF9F352-B35C-492F-9DCB-FFC052E771F1}"
EndProject
Global
	GlobalSection(SolutionConfigurationPlatforms) = preSolution
		Debug|Any CPU = Debug|Any CPU
		Release|Any CPU = Release|Any CPU
	EndGlobalSection
	GlobalSection(ProjectConfigurationPlatforms) = postSolution
		{73C0F9EF-A15F-4DAD-B38F-EBFFE8BF25A3}.Debug|Any CPU.ActiveCfg = Debug|Any CPU
		{73C0F9EF-A15F-4DAD-B38F-EBFFE8BF25A3}.Debug|Any CPU.Build.0 = Debug|Any CPU
		{73C0F9EF-A15F-4DAD-B38F-EBFFE8BF25A3}.Release|Any CPU.ActiveCfg = Release|Any CPU
		{73C0F9EF-A15F-4DAD-B38F-EBFFE8BF25A3}.Release|Any CPU.Build.0 = Release|Any CPU
		{78341D75-D85F-40FB-9AAD-9B2755D2BD3B}.Debug|Any CPU.ActiveCfg = Debug|Any CPU
		{78341D75-D85F-40FB-9AAD-9B2755D2BD3B}.Debug|Any CPU.Build.0 = Debug|Any CPU
		{78341D75-D85F-40FB-9AAD-9B2755D2BD3B}.Release|Any CPU.ActiveCfg = Release|Any CPU
		{78341D75-D85F-40FB-9AAD-9B2755D2BD3B}.Release|Any CPU.Build.0 = Release|Any CPU
		{A172D9E3-3B38-45C2-A9C2-E32AF4A640C0}.Debug|Any CPU.ActiveCfg = Debug|Any CPU
		{A172D9E3-3B38-45C2-A9C2-E32AF4A640C0}.Debug|Any CPU.Build.0 = Debug|Any CPU
		{A172D9E3-3B38-45C2-A9C2-E32AF4A640C0}.Release|Any CPU.ActiveCfg = Release|Any CPU
		{A172D9E3-3B38-45C2-A9C2-E32AF4A640C0}.Release|Any CPU.Build.0 = Release|Any CPU
		{6A042EEB-8089-4D57-9601-C711C6D2A19E}.Debug|Any CPU.ActiveCfg = Debug|Any CPU
		{6A042EEB-8089-4D57-9601-C711C6D2A19E}.Debug|Any CPU.Build.0 = Debug|Any CPU
		{6A042EEB-8089-4D57-9601-C711C6D2A19E}.Release|Any CPU.ActiveCfg = Release|Any CPU
		{6A042EEB-8089-4D57-9601-C711C6D2A19E}.Release|Any CPU.Build.0 = Release|Any CPU
		{312965D3-1587-44D2-94C6-33D51016FA57}.Debug|Any CPU.ActiveCfg = Debug|Any CPU
		{312965D3-1587-44D2-94C6-33D51016FA57}.Debug|Any CPU.Build.0 = Debug|Any CPU
		{312965D3-1587-44D2-94C6-33D51016FA57}.Release|Any CPU.ActiveCfg = Release|Any CPU
		{312965D3-1587-44D2-94C6-33D51016FA57}.Release|Any CPU.Build.0 = Release|Any CPU
		{48E3D4E8-5346-43BC-AB71-6EBB68AD440F}.Debug|Any CPU.ActiveCfg = Debug|Any CPU
		{48E3D4E8-5346-43BC-AB71-6EBB68AD440F}.Debug|Any CPU.Build.0 = Debug|Any CPU
		{48E3D4E8-5346-43BC-AB71-6EBB68AD440F}.Release|Any CPU.ActiveCfg = Release|Any CPU
		{48E3D4E8-5346-43BC-AB71-6EBB68AD440F}.Release|Any CPU.Build.0 = Release|Any CPU
		{F25C0AEB-867E-46D9-B3B0-54A51BDD3E35}.Debug|Any CPU.ActiveCfg = Debug|Any CPU
		{F25C0AEB-867E-46D9-B3B0-54A51BDD3E35}.Debug|Any CPU.Build.0 = Debug|Any CPU
		{F25C0AEB-867E-46D9-B3B0-54A51BDD3E35}.Release|Any CPU.ActiveCfg = Release|Any CPU
		{F25C0AEB-867E-46D9-B3B0-54A51BDD3E35}.Release|Any CPU.Build.0 = Release|Any CPU
		{904A2E66-E62E-468E-B0F1-2F09D797932D}.Debug|Any CPU.ActiveCfg = Debug|Any CPU
		{904A2E66-E62E-468E-B0F1-2F09D797932D}.Debug|Any CPU.Build.0 = Debug|Any CPU
		{904A2E66-E62E-468E-B0F1-2F09D797932D}.Release|Any CPU.ActiveCfg = Release|Any CPU
		{904A2E66-E62E-468E-B0F1-2F09D797932D}.Release|Any CPU.Build.0 = Release|Any CPU
		{FD182EB4-D68A-41A7-9F72-1996F37042D0}.Debug|Any CPU.ActiveCfg = Debug|Any CPU
		{FD182EB4-D68A-41A7-9F72-1996F37042D0}.Debug|Any CPU.Build.0 = Debug|Any CPU
		{FD182EB4-D68A-41A7-9F72-1996F37042D0}.Release|Any CPU.ActiveCfg = Release|Any CPU
		{FD182EB4-D68A-41A7-9F72-1996F37042D0}.Release|Any CPU.Build.0 = Release|Any CPU
		{2FF9F352-B35C-492F-9DCB-FFC052E771F1}.Debug|Any CPU.ActiveCfg = Debug|Any CPU
		{2FF9F352-B35C-492F-9DCB-FFC052E771F1}.Debug|Any CPU.Build.0 = Debug|Any CPU
		{2FF9F352-B35C-492F-9DCB-FFC052E771F1}.Release|Any CPU.ActiveCfg = Release|Any CPU
		{2FF9F352-B35C-492F-9DCB-FFC052E771F1}.Release|Any CPU.Build.0 = Release|Any CPU
	EndGlobalSection
	GlobalSection(SolutionProperties) = preSolution
		HideSolutionNode = FALSE
	EndGlobalSection
	GlobalSection(NestedProjects) = preSolution
		{73C0F9EF-A15F-4DAD-B38F-EBFFE8BF25A3} = {28D6A3A6-C2A3-4D1D-A8EA-D3788EF37F90}
		{78341D75-D85F-40FB-9AAD-9B2755D2BD3B} = {28D6A3A6-C2A3-4D1D-A8EA-D3788EF37F90}
		{A172D9E3-3B38-45C2-A9C2-E32AF4A640C0} = {DFBF2E41-D6C5-419C-A8B9-F382CE3C647B}
		{28D6A3A6-C2A3-4D1D-A8EA-D3788EF37F90} = {D2CF7D76-04E3-4AC0-A62D-22E388B0EDE9}
		{6A042EEB-8089-4D57-9601-C711C6D2A19E} = {DFBF2E41-D6C5-419C-A8B9-F382CE3C647B}
		{4D91B827-29B2-42E2-B34D-B4D67E626207} = {C4F9335F-42AB-478E-A044-EE686CBCC417}
		{312965D3-1587-44D2-94C6-33D51016FA57} = {4D91B827-29B2-42E2-B34D-B4D67E626207}
		{F76E478B-2C8A-40C7-8DE1-1C722825D079} = {C4F9335F-42AB-478E-A044-EE686CBCC417}
		{48E3D4E8-5346-43BC-AB71-6EBB68AD440F} = {F76E478B-2C8A-40C7-8DE1-1C722825D079}
		{DA64A818-5DA3-4CAD-B341-9EEC06F9CF3C} = {D2CF7D76-04E3-4AC0-A62D-22E388B0EDE9}
		{F25C0AEB-867E-46D9-B3B0-54A51BDD3E35} = {DA64A818-5DA3-4CAD-B341-9EEC06F9CF3C}
		{DFBF2E41-D6C5-419C-A8B9-F382CE3C647B} = {28D6A3A6-C2A3-4D1D-A8EA-D3788EF37F90}
		{904A2E66-E62E-468E-B0F1-2F09D797932D} = {9840AD37-8DF3-4AEC-BDF3-378E082379D9}
		{FD182EB4-D68A-41A7-9F72-1996F37042D0} = {4D91B827-29B2-42E2-B34D-B4D67E626207}
		{9840AD37-8DF3-4AEC-BDF3-378E082379D9} = {4D91B827-29B2-42E2-B34D-B4D67E626207}
		{2FF9F352-B35C-492F-9DCB-FFC052E771F1} = {4D91B827-29B2-42E2-B34D-B4D67E626207}
	EndGlobalSection
	GlobalSection(ExtensibilityGlobals) = postSolution
		SolutionGuid = {0F021057-C378-43F4-819C-D092F0511DE6}
	EndGlobalSection
EndGlobal
